# THIS IS AN AUTOGENERATED FILE. DO NOT EDIT THIS FILE DIRECTLY.
# yarn lockfile v1


"@google/generative-ai@^0.17.0":
  version "0.17.0"
  resolved "https://registry.yarnpkg.com/@google/generative-ai/-/generative-ai-0.17.0.tgz#8a3d360e60b308a2fd1ae139529d6308aa95d32d"
  integrity sha512-HNIrX4x6EY5UPOTTDC5DepBFVluognTXR0MTWLiSVsJmzqdEYxGtz/9NWIknUbPNnPZOu7N1BoA/Ho24aPUh3g==

dotenv@^16.4.5:
  version "16.4.5"
  resolved "https://registry.yarnpkg.com/dotenv/-/dotenv-16.4.5.tgz#cdd3b3b604cb327e286b4762e13502f717cb099f"
  integrity sha512-ZmdL2rui+eB2YwhsWzjInR8LldtZHGDoQ1ugH85ppHKwpUHL7j7rN0Ti9NCnGiQbhaZ11FpR+7ao1dNsmduNUg==

llamaai@^1.0.4:
  version "1.0.4"
  resolved "https://registry.yarnpkg.com/llamaai/-/llamaai-1.0.4.tgz#19a319e390cc03c4ebc2c81edef4859fd79db642"
  integrity sha512-Y54Yn1EkLIVKn2kCUbU9kqGX/vhBh0Swan2tu4os8xuy88axOr3h6UKJiI0H2kfY3P/DVVmKuNTdmzLoW90CJA==
